
Microsoft Visual Studio Solution File, Format Version 12.00
# Visual Studio Version 16
VisualStudioVersion = 16.0.30523.141
MinimumVisualStudioVersion = 10.0.40219.1
Project("{FAE04EC0-301F-11D3-BF4B-00C04F79EFBC}") = "SushiBarView", "SushiBarView\SushiBarView.csproj", "{5FA54560-C2E3-4945-AB00-52F8B2309C51}"
EndProject
Project("{9A19103F-16F7-4668-BE54-9A1E7A4F7556}") = "SushiBarBusinessLogic", "SushiBarBusinessLogic\SushiBarBusinessLogic.csproj", "{C242A11C-8EC8-43E0-953D-BE56EC425592}"
EndProject
Project("{FAE04EC0-301F-11D3-BF4B-00C04F79EFBC}") = "SushiBarListImplement", "SushiBarListImplement\SushiBarListImplement.csproj", "{B48450A1-3F47-4E8D-BAEB-E14FDFA3C0D7}"
EndProject
Project("{9A19103F-16F7-4668-BE54-9A1E7A4F7556}") = "SushiBarFileImplement", "SushiBarFileImplement\SushiBarFileImplement.csproj", "{1C36D49F-02BF-4065-A0CA-E0ACAFB9535D}"
EndProject
Project("{FAE04EC0-301F-11D3-BF4B-00C04F79EFBC}") = "SushiBarDatabaseImplement", "SushiBarDatabaseImplement\SushiBarDatabaseImplement.csproj", "{7FF8CFAA-A6CE-4437-967A-258445245A0A}"
EndProject
Global
	GlobalSection(SolutionConfigurationPlatforms) = preSolution
		Debug|Any CPU = Debug|Any CPU
		Release|Any CPU = Release|Any CPU
	EndGlobalSection
	GlobalSection(ProjectConfigurationPlatforms) = postSolution
		{5FA54560-C2E3-4945-AB00-52F8B2309C51}.Debug|Any CPU.ActiveCfg = Debug|Any CPU
		{5FA54560-C2E3-4945-AB00-52F8B2309C51}.Debug|Any CPU.Build.0 = Debug|Any CPU
		{5FA54560-C2E3-4945-AB00-52F8B2309C51}.Release|Any CPU.ActiveCfg = Release|Any CPU
		{5FA54560-C2E3-4945-AB00-52F8B2309C51}.Release|Any CPU.Build.0 = Release|Any CPU
		{C242A11C-8EC8-43E0-953D-BE56EC425592}.Debug|Any CPU.ActiveCfg = Debug|Any CPU
		{C242A11C-8EC8-43E0-953D-BE56EC425592}.Debug|Any CPU.Build.0 = Debug|Any CPU
		{C242A11C-8EC8-43E0-953D-BE56EC425592}.Release|Any CPU.ActiveCfg = Release|Any CPU
		{C242A11C-8EC8-43E0-953D-BE56EC425592}.Release|Any CPU.Build.0 = Release|Any CPU
		{B48450A1-3F47-4E8D-BAEB-E14FDFA3C0D7}.Debug|Any CPU.ActiveCfg = Debug|Any CPU
		{B48450A1-3F47-4E8D-BAEB-E14FDFA3C0D7}.Debug|Any CPU.Build.0 = Debug|Any CPU
		{B48450A1-3F47-4E8D-BAEB-E14FDFA3C0D7}.Release|Any CPU.ActiveCfg = Release|Any CPU
		{B48450A1-3F47-4E8D-BAEB-E14FDFA3C0D7}.Release|Any CPU.Build.0 = Release|Any CPU
		{1C36D49F-02BF-4065-A0CA-E0ACAFB9535D}.Debug|Any CPU.ActiveCfg = Debug|Any CPU
		{1C36D49F-02BF-4065-A0CA-E0ACAFB9535D}.Debug|Any CPU.Build.0 = Debug|Any CPU
		{1C36D49F-02BF-4065-A0CA-E0ACAFB9535D}.Release|Any CPU.ActiveCfg = Release|Any CPU
		{1C36D49F-02BF-4065-A0CA-E0ACAFB9535D}.Release|Any CPU.Build.0 = Release|Any CPU
		{7FF8CFAA-A6CE-4437-967A-258445245A0A}.Debug|Any CPU.ActiveCfg = Debug|Any CPU
		{7FF8CFAA-A6CE-4437-967A-258445245A0A}.Debug|Any CPU.Build.0 = Debug|Any CPU
		{7FF8CFAA-A6CE-4437-967A-258445245A0A}.Release|Any CPU.ActiveCfg = Release|Any CPU
		{7FF8CFAA-A6CE-4437-967A-258445245A0A}.Release|Any CPU.Build.0 = Release|Any CPU
	EndGlobalSection
	GlobalSection(SolutionProperties) = preSolution
		HideSolutionNode = FALSE
	EndGlobalSection
	GlobalSection(ExtensibilityGlobals) = postSolution
		SolutionGuid = {E46A951E-FC65-4B87-87E6-11746849B0CD}
	EndGlobalSection
EndGlobal
